
Microsoft Visual Studio Solution File, Format Version 12.00
# Visual Studio Version 17
VisualStudioVersion = 17.0.31903.59
MinimumVisualStudioVersion = 10.0.40219.1
Project("{9A19103F-16F7-4668-BE54-9A1E7A4F7556}") = "2D-isoedit", "2D-isoedit\2D-isoedit.csproj", "{D87893FC-ABFB-466B-BA6A-A79830B293E2}"
EndProject
Project("{2150E333-8FDC-42A3-9474-1A3956D46DE8}") = "Solution Items", "Solution Items", "{9297D0EE-9FD0-4C03-87CB-5F18D51737F0}"
	ProjectSection(SolutionItems) = preProject
		.gitignore = .gitignore
		LICENSE = LICENSE
		README.md = README.md
	EndProjectSection
EndProject
Project("{9A19103F-16F7-4668-BE54-9A1E7A4F7556}") = "2D-isolib", "2d-isolib\2D-isolib.csproj", "{73D9B119-D4E7-42DA-AC28-E7FFE31497FD}"
EndProject
Project("{9A19103F-16F7-4668-BE54-9A1E7A4F7556}") = "2D-isolib-windows", "2D-isolib-windows\2D-isolib-windows.csproj", "{A35E0444-022C-4D77-BCA0-B479AD7DF775}"
EndProject
Global
	GlobalSection(SolutionConfigurationPlatforms) = preSolution
		Debug|Any CPU = Debug|Any CPU
		Debug|x64 = Debug|x64
		Debug|x86 = Debug|x86
		Release|Any CPU = Release|Any CPU
		Release|x64 = Release|x64
		Release|x86 = Release|x86
	EndGlobalSection
	GlobalSection(ProjectConfigurationPlatforms) = postSolution
		{D87893FC-ABFB-466B-BA6A-A79830B293E2}.Debug|Any CPU.ActiveCfg = Debug|Any CPU
		{D87893FC-ABFB-466B-BA6A-A79830B293E2}.Debug|Any CPU.Build.0 = Debug|Any CPU
		{D87893FC-ABFB-466B-BA6A-A79830B293E2}.Debug|x64.ActiveCfg = Debug|x64
		{D87893FC-ABFB-466B-BA6A-A79830B293E2}.Debug|x64.Build.0 = Debug|x64
		{D87893FC-ABFB-466B-BA6A-A79830B293E2}.Debug|x86.ActiveCfg = Debug|Any CPU
		{D87893FC-ABFB-466B-BA6A-A79830B293E2}.Debug|x86.Build.0 = Debug|Any CPU
		{D87893FC-ABFB-466B-BA6A-A79830B293E2}.Release|Any CPU.ActiveCfg = Release|Any CPU
		{D87893FC-ABFB-466B-BA6A-A79830B293E2}.Release|Any CPU.Build.0 = Release|Any CPU
		{D87893FC-ABFB-466B-BA6A-A79830B293E2}.Release|x64.ActiveCfg = Release|x64
		{D87893FC-ABFB-466B-BA6A-A79830B293E2}.Release|x64.Build.0 = Release|x64
		{D87893FC-ABFB-466B-BA6A-A79830B293E2}.Release|x86.ActiveCfg = Release|Any CPU
		{D87893FC-ABFB-466B-BA6A-A79830B293E2}.Release|x86.Build.0 = Release|Any CPU
		{73D9B119-D4E7-42DA-AC28-E7FFE31497FD}.Debug|Any CPU.ActiveCfg = Debug|Any CPU
		{73D9B119-D4E7-42DA-AC28-E7FFE31497FD}.Debug|Any CPU.Build.0 = Debug|Any CPU
		{73D9B119-D4E7-42DA-AC28-E7FFE31497FD}.Debug|x64.ActiveCfg = Debug|Any CPU
		{73D9B119-D4E7-42DA-AC28-E7FFE31497FD}.Debug|x64.Build.0 = Debug|Any CPU
		{73D9B119-D4E7-42DA-AC28-E7FFE31497FD}.Debug|x86.ActiveCfg = Debug|Any CPU
		{73D9B119-D4E7-42DA-AC28-E7FFE31497FD}.Debug|x86.Build.0 = Debug|Any CPU
		{73D9B119-D4E7-42DA-AC28-E7FFE31497FD}.Release|Any CPU.ActiveCfg = Release|Any CPU
		{73D9B119-D4E7-42DA-AC28-E7FFE31497FD}.Release|Any CPU.Build.0 = Release|Any CPU
		{73D9B119-D4E7-42DA-AC28-E7FFE31497FD}.Release|x64.ActiveCfg = Release|Any CPU
		{73D9B119-D4E7-42DA-AC28-E7FFE31497FD}.Release|x64.Build.0 = Release|Any CPU
		{73D9B119-D4E7-42DA-AC28-E7FFE31497FD}.Release|x86.ActiveCfg = Release|Any CPU
		{73D9B119-D4E7-42DA-AC28-E7FFE31497FD}.Release|x86.Build.0 = Release|Any CPU
		{A35E0444-022C-4D77-BCA0-B479AD7DF775}.Debug|Any CPU.ActiveCfg = Debug|Any CPU
		{A35E0444-022C-4D77-BCA0-B479AD7DF775}.Debug|Any CPU.Build.0 = Debug|Any CPU
		{A35E0444-022C-4D77-BCA0-B479AD7DF775}.Debug|x64.ActiveCfg = Debug|Any CPU
		{A35E0444-022C-4D77-BCA0-B479AD7DF775}.Debug|x64.Build.0 = Debug|Any CPU
		{A35E0444-022C-4D77-BCA0-B479AD7DF775}.Debug|x86.ActiveCfg = Debug|Any CPU
		{A35E0444-022C-4D77-BCA0-B479AD7DF775}.Debug|x86.Build.0 = Debug|Any CPU
		{A35E0444-022C-4D77-BCA0-B479AD7DF775}.Release|Any CPU.ActiveCfg = Release|Any CPU
		{A35E0444-022C-4D77-BCA0-B479AD7DF775}.Release|Any CPU.Build.0 = Release|Any CPU
		{A35E0444-022C-4D77-BCA0-B479AD7DF775}.Release|x64.ActiveCfg = Release|Any CPU
		{A35E0444-022C-4D77-BCA0-B479AD7DF775}.Release|x64.Build.0 = Release|Any CPU
		{A35E0444-022C-4D77-BCA0-B479AD7DF775}.Release|x86.ActiveCfg = Release|Any CPU
		{A35E0444-022C-4D77-BCA0-B479AD7DF775}.Release|x86.Build.0 = Release|Any CPU
	EndGlobalSection
	GlobalSection(SolutionProperties) = preSolution
		HideSolutionNode = FALSE
	EndGlobalSection
	GlobalSection(ExtensibilityGlobals) = postSolution
		SolutionGuid = {979D3ABE-EC50-4986-A0B1-A96C125F6E24}
	EndGlobalSection
EndGlobal
