
Microsoft Visual Studio Solution File, Format Version 12.00
# Visual Studio Version 17
VisualStudioVersion = 17.0.31903.59
MinimumVisualStudioVersion = 10.0.40219.1
Project("{9A19103F-16F7-4668-BE54-9A1E7A4F7556}") = "2D-isoedit", "2D-isoedit\2D-isoedit.csproj", "{D87893FC-ABFB-466B-BA6A-A79830B293E2}"
EndProject
Global
	GlobalSection(SolutionConfigurationPlatforms) = preSolution
		Debug|x86 = Debug|x86
		Release|x86 = Release|x86
	EndGlobalSection
	GlobalSection(ProjectConfigurationPlatforms) = postSolution
		{D87893FC-ABFB-466B-BA6A-A79830B293E2}.Debug|x86.ActiveCfg = Debug|Any CPU
		{D87893FC-ABFB-466B-BA6A-A79830B293E2}.Debug|x86.Build.0 = Debug|Any CPU
		{D87893FC-ABFB-466B-BA6A-A79830B293E2}.Release|x86.ActiveCfg = Release|Any CPU
		{D87893FC-ABFB-466B-BA6A-A79830B293E2}.Release|x86.Build.0 = Release|Any CPU
	EndGlobalSection
	GlobalSection(SolutionProperties) = preSolution
		HideSolutionNode = FALSE
	EndGlobalSection
	GlobalSection(ExtensibilityGlobals) = postSolution
		SolutionGuid = {979D3ABE-EC50-4986-A0B1-A96C125F6E24}
	EndGlobalSection
EndGlobal
