
Microsoft Visual Studio Solution File, Format Version 12.00
# Visual Studio 2012
Project("{FAE04EC0-301F-11D3-BF4B-00C04F79EFBC}") = "2Deditor", "2Deditor\2Deditor.csproj", "{A42BE69F-B4F2-4692-9A90-2D759A5BC441}"
EndProject
Global
	GlobalSection(SolutionConfigurationPlatforms) = preSolution
		Debug|Any CPU = Debug|Any CPU
		Release|Any CPU = Release|Any CPU
	EndGlobalSection
	GlobalSection(ProjectConfigurationPlatforms) = postSolution
		{A42BE69F-B4F2-4692-9A90-2D759A5BC441}.Debug|Any CPU.ActiveCfg = Debug|Any CPU
		{A42BE69F-B4F2-4692-9A90-2D759A5BC441}.Debug|Any CPU.Build.0 = Debug|Any CPU
		{A42BE69F-B4F2-4692-9A90-2D759A5BC441}.Release|Any CPU.ActiveCfg = Release|Any CPU
		{A42BE69F-B4F2-4692-9A90-2D759A5BC441}.Release|Any CPU.Build.0 = Release|Any CPU
	EndGlobalSection
	GlobalSection(SolutionProperties) = preSolution
		HideSolutionNode = FALSE
	EndGlobalSection
EndGlobal
